// !$*UTF8*$!
{
	archiveVersion = 1;
	classes = {
	};
	objectVersion = 46;
	objects = {

/* Begin PBXBuildFile section */
		586032825D3D281F9C571F23 /* README.md in Sources */ = {isa = PBXBuildFile; fileRef = 58603DAC8B57A07CA650039B /* README.md */; };
		58603590F8AB1FCA685FAA1F /* .gitignore in Resources */ = {isa = PBXBuildFile; fileRef = 586032CF9DE76F3BBAA82757 /* .gitignore */; };
		58603658BA18F6E4A8BBD004 /* AudioManager.swift in Sources */ = {isa = PBXBuildFile; fileRef = 586032565F5D21F5434FD64A /* AudioManager.swift */; };
		845C89F923DF2383008E78B8 /* AppDelegate.swift in Sources */ = {isa = PBXBuildFile; fileRef = 845C89F823DF2383008E78B8 /* AppDelegate.swift */; };
		845C89FB23DF2383008E78B8 /* ViewController.swift in Sources */ = {isa = PBXBuildFile; fileRef = 845C89FA23DF2383008E78B8 /* ViewController.swift */; };
		845C89FD23DF2383008E78B8 /* Assets.xcassets in Resources */ = {isa = PBXBuildFile; fileRef = 845C89FC23DF2383008E78B8 /* Assets.xcassets */; };
		845C8A0023DF2383008E78B8 /* Main.storyboard in Resources */ = {isa = PBXBuildFile; fileRef = 845C89FE23DF2383008E78B8 /* Main.storyboard */; };
		845C8A1023DF3C15008E78B8 /* AVFoundation.framework in Frameworks */ = {isa = PBXBuildFile; fileRef = 845C8A0F23DF3C15008E78B8 /* AVFoundation.framework */; };
		845C8A1323DF489D008E78B8 /* libbrstmcpp.a in Frameworks */ = {isa = PBXBuildFile; fileRef = 845C8A1123DF465F008E78B8 /* libbrstmcpp.a */; };
		E84C52BB243DFC46002FEEA7 /* brstm-main.cpp in Sources */ = {isa = PBXBuildFile; fileRef = E84C52B7243DFC46002FEEA7 /* brstm-main.cpp */; };
/* End PBXBuildFile section */

/* Begin PBXFileReference section */
		586032565F5D21F5434FD64A /* AudioManager.swift */ = {isa = PBXFileReference; fileEncoding = 4; lastKnownFileType = sourcecode.swift; path = AudioManager.swift; sourceTree = "<group>"; };
		586032CF9DE76F3BBAA82757 /* .gitignore */ = {isa = PBXFileReference; lastKnownFileType = file.gitignore; path = .gitignore; sourceTree = "<group>"; };
		58603DAC8B57A07CA650039B /* README.md */ = {isa = PBXFileReference; fileEncoding = 4; lastKnownFileType = net.daringfireball.markdown; path = README.md; sourceTree = "<group>"; };
		845C89F523DF2383008E78B8 /* brstm-player-gui.app */ = {isa = PBXFileReference; explicitFileType = wrapper.application; includeInIndex = 0; path = "brstm-player-gui.app"; sourceTree = BUILT_PRODUCTS_DIR; };
		845C89F823DF2383008E78B8 /* AppDelegate.swift */ = {isa = PBXFileReference; lastKnownFileType = sourcecode.swift; path = AppDelegate.swift; sourceTree = "<group>"; };
		845C89FA23DF2383008E78B8 /* ViewController.swift */ = {isa = PBXFileReference; lastKnownFileType = sourcecode.swift; path = ViewController.swift; sourceTree = "<group>"; };
		845C89FC23DF2383008E78B8 /* Assets.xcassets */ = {isa = PBXFileReference; lastKnownFileType = folder.assetcatalog; path = Assets.xcassets; sourceTree = "<group>"; };
		845C89FF23DF2383008E78B8 /* Base */ = {isa = PBXFileReference; lastKnownFileType = file.storyboard; name = Base; path = Base.lproj/Main.storyboard; sourceTree = "<group>"; };
		845C8A0123DF2383008E78B8 /* Info.plist */ = {isa = PBXFileReference; lastKnownFileType = text.plist.xml; path = Info.plist; sourceTree = "<group>"; };
		845C8A0A23DF24DB008E78B8 /* brstm-player-gui-Bridging-Header.hpp */ = {isa = PBXFileReference; lastKnownFileType = sourcecode.cpp.h; path = "brstm-player-gui-Bridging-Header.hpp"; sourceTree = "<group>"; };
		845C8A0F23DF3C15008E78B8 /* AVFoundation.framework */ = {isa = PBXFileReference; lastKnownFileType = wrapper.framework; name = AVFoundation.framework; path = System/Library/Frameworks/AVFoundation.framework; sourceTree = SDKROOT; };
		845C8A1123DF465F008E78B8 /* libbrstmcpp.a */ = {isa = PBXFileReference; lastKnownFileType = archive.ar; name = libbrstmcpp.a; path = "brstm-player-gui/libbrstmcpp.a"; sourceTree = "<group>"; };
		E84C52B7243DFC46002FEEA7 /* brstm-main.cpp */ = {isa = PBXFileReference; fileEncoding = 4; lastKnownFileType = sourcecode.cpp.cpp; path = "brstm-main.cpp"; sourceTree = "<group>"; };
		E84C52B8243DFC46002FEEA7 /* brstm.h */ = {isa = PBXFileReference; fileEncoding = 4; lastKnownFileType = sourcecode.c.h; path = brstm.h; sourceTree = "<group>"; };
		E84C52B9243DFC46002FEEA7 /* brstm_encode.h */ = {isa = PBXFileReference; fileEncoding = 4; lastKnownFileType = sourcecode.c.h; path = brstm_encode.h; sourceTree = "<group>"; };
		E84C52BA243DFC46002FEEA7 /* utils.h */ = {isa = PBXFileReference; fileEncoding = 4; lastKnownFileType = sourcecode.c.h; path = utils.h; sourceTree = "<group>"; };
/* End PBXFileReference section */

/* Begin PBXFrameworksBuildPhase section */
		845C89F223DF2383008E78B8 /* Frameworks */ = {
			isa = PBXFrameworksBuildPhase;
			buildActionMask = 2147483647;
			files = (
				845C8A1323DF489D008E78B8 /* libbrstmcpp.a in Frameworks */,
				845C8A1023DF3C15008E78B8 /* AVFoundation.framework in Frameworks */,
			);
			runOnlyForDeploymentPostprocessing = 0;
		};
/* End PBXFrameworksBuildPhase section */

/* Begin PBXGroup section */
		845C89EC23DF2383008E78B8 = {
			isa = PBXGroup;
			children = (
				845C89F723DF2383008E78B8 /* brstm-player-gui */,
				845C89F623DF2383008E78B8 /* Products */,
				845C8A0E23DF3C15008E78B8 /* Frameworks */,
				586032CF9DE76F3BBAA82757 /* .gitignore */,
				58603DAC8B57A07CA650039B /* README.md */,
			);
			sourceTree = "<group>";
		};
		845C89F623DF2383008E78B8 /* Products */ = {
			isa = PBXGroup;
			children = (
				845C89F523DF2383008E78B8 /* brstm-player-gui.app */,
			);
			name = Products;
			sourceTree = "<group>";
		};
		845C89F723DF2383008E78B8 /* brstm-player-gui */ = {
			isa = PBXGroup;
			children = (
				E84C52B6243DFC46002FEEA7 /* librevolution */,
				845C89F823DF2383008E78B8 /* AppDelegate.swift */,
				845C89FA23DF2383008E78B8 /* ViewController.swift */,
				845C89FC23DF2383008E78B8 /* Assets.xcassets */,
				845C89FE23DF2383008E78B8 /* Main.storyboard */,
				845C8A0123DF2383008E78B8 /* Info.plist */,
				845C8A0A23DF24DB008E78B8 /* brstm-player-gui-Bridging-Header.hpp */,
				586032565F5D21F5434FD64A /* AudioManager.swift */,
			);
			path = "brstm-player-gui";
			sourceTree = "<group>";
		};
		845C8A0E23DF3C15008E78B8 /* Frameworks */ = {
			isa = PBXGroup;
			children = (
				845C8A1123DF465F008E78B8 /* libbrstmcpp.a */,
				845C8A0F23DF3C15008E78B8 /* AVFoundation.framework */,
			);
			name = Frameworks;
			sourceTree = "<group>";
		};
		E84C52B6243DFC46002FEEA7 /* librevolution */ = {
			isa = PBXGroup;
			children = (
				E84C52B7243DFC46002FEEA7 /* brstm-main.cpp */,
				E84C52B8243DFC46002FEEA7 /* brstm.h */,
				E84C52B9243DFC46002FEEA7 /* brstm_encode.h */,
				E84C52BA243DFC46002FEEA7 /* utils.h */,
			);
			path = librevolution;
			sourceTree = "<group>";
		};
/* End PBXGroup section */

/* Begin PBXNativeTarget section */
		845C89F423DF2383008E78B8 /* brstm-player-gui */ = {
			isa = PBXNativeTarget;
			buildConfigurationList = 845C8A0423DF2383008E78B8 /* Build configuration list for PBXNativeTarget "brstm-player-gui" */;
			buildPhases = (
				845C89F123DF2383008E78B8 /* Sources */,
				845C89F223DF2383008E78B8 /* Frameworks */,
				845C89F323DF2383008E78B8 /* Resources */,
			);
			buildRules = (
			);
			dependencies = (
			);
			name = "brstm-player-gui";
			productName = "brstm-player-gui";
			productReference = 845C89F523DF2383008E78B8 /* brstm-player-gui.app */;
			productType = "com.apple.product-type.application";
		};
/* End PBXNativeTarget section */

/* Begin PBXProject section */
		845C89ED23DF2383008E78B8 /* Project object */ = {
			isa = PBXProject;
			attributes = {
				LastSwiftUpdateCheck = 0800;
				LastUpgradeCheck = 0800;
				ORGANIZATIONNAME = FreeAppSW;
				TargetAttributes = {
					845C89F423DF2383008E78B8 = {
						CreatedOnToolsVersion = 8.0;
						DevelopmentTeam = N6M3GGC92B;
						LastSwiftMigration = 0800;
						ProvisioningStyle = Automatic;
					};
				};
			};
			buildConfigurationList = 845C89F023DF2383008E78B8 /* Build configuration list for PBXProject "brstm-player-gui" */;
			compatibilityVersion = "Xcode 3.2";
			developmentRegion = en;
			hasScannedForEncodings = 0;
			knownRegions = (
				en,
				Base,
			);
			mainGroup = 845C89EC23DF2383008E78B8;
			productRefGroup = 845C89F623DF2383008E78B8 /* Products */;
			projectDirPath = "";
			projectRoot = "";
			targets = (
				845C89F423DF2383008E78B8 /* brstm-player-gui */,
			);
		};
/* End PBXProject section */

/* Begin PBXResourcesBuildPhase section */
		845C89F323DF2383008E78B8 /* Resources */ = {
			isa = PBXResourcesBuildPhase;
			buildActionMask = 2147483647;
			files = (
				845C89FD23DF2383008E78B8 /* Assets.xcassets in Resources */,
				845C8A0023DF2383008E78B8 /* Main.storyboard in Resources */,
				58603590F8AB1FCA685FAA1F /* .gitignore in Resources */,
			);
			runOnlyForDeploymentPostprocessing = 0;
		};
/* End PBXResourcesBuildPhase section */

/* Begin PBXSourcesBuildPhase section */
		845C89F123DF2383008E78B8 /* Sources */ = {
			isa = PBXSourcesBuildPhase;
			buildActionMask = 2147483647;
			files = (
				E84C52BB243DFC46002FEEA7 /* brstm-main.cpp in Sources */,
				845C89FB23DF2383008E78B8 /* ViewController.swift in Sources */,
				845C89F923DF2383008E78B8 /* AppDelegate.swift in Sources */,
				58603658BA18F6E4A8BBD004 /* AudioManager.swift in Sources */,
				586032825D3D281F9C571F23 /* README.md in Sources */,
			);
			runOnlyForDeploymentPostprocessing = 0;
		};
/* End PBXSourcesBuildPhase section */

/* Begin PBXVariantGroup section */
		845C89FE23DF2383008E78B8 /* Main.storyboard */ = {
			isa = PBXVariantGroup;
			children = (
				845C89FF23DF2383008E78B8 /* Base */,
			);
			name = Main.storyboard;
			sourceTree = "<group>";
		};
/* End PBXVariantGroup section */

/* Begin XCBuildConfiguration section */
		845C8A0223DF2383008E78B8 /* Debug */ = {
			isa = XCBuildConfiguration;
			buildSettings = {
				ALWAYS_SEARCH_USER_PATHS = NO;
				CLANG_ANALYZER_NONNULL = YES;
				CLANG_CXX_LANGUAGE_STANDARD = "gnu++0x";
				CLANG_CXX_LIBRARY = "libc++";
				CLANG_ENABLE_MODULES = YES;
				CLANG_ENABLE_OBJC_ARC = YES;
				CLANG_WARN_BOOL_CONVERSION = YES;
				CLANG_WARN_CONSTANT_CONVERSION = YES;
				CLANG_WARN_DIRECT_OBJC_ISA_USAGE = YES_ERROR;
				CLANG_WARN_DOCUMENTATION_COMMENTS = YES;
				CLANG_WARN_EMPTY_BODY = YES;
				CLANG_WARN_ENUM_CONVERSION = YES;
				CLANG_WARN_INFINITE_RECURSION = YES;
				CLANG_WARN_INT_CONVERSION = YES;
				CLANG_WARN_OBJC_ROOT_CLASS = YES_ERROR;
				CLANG_WARN_SUSPICIOUS_MOVES = YES;
				CLANG_WARN_UNREACHABLE_CODE = YES;
				CLANG_WARN__DUPLICATE_METHOD_MATCH = YES;
				CODE_SIGN_IDENTITY = "-";
				COPY_PHASE_STRIP = NO;
				DEBUG_INFORMATION_FORMAT = dwarf;
				ENABLE_STRICT_OBJC_MSGSEND = YES;
				ENABLE_TESTABILITY = YES;
				GCC_C_LANGUAGE_STANDARD = gnu99;
				GCC_DYNAMIC_NO_PIC = NO;
				GCC_NO_COMMON_BLOCKS = YES;
				GCC_OPTIMIZATION_LEVEL = 2;
				GCC_PREPROCESSOR_DEFINITIONS = (
					"DEBUG=1",
					"$(inherited)",
				);
				GCC_WARN_64_TO_32_BIT_CONVERSION = YES;
				GCC_WARN_ABOUT_RETURN_TYPE = YES_ERROR;
				GCC_WARN_UNDECLARED_SELECTOR = YES;
				GCC_WARN_UNINITIALIZED_AUTOS = YES_AGGRESSIVE;
				GCC_WARN_UNUSED_FUNCTION = YES;
				GCC_WARN_UNUSED_VARIABLE = YES;
				MACOSX_DEPLOYMENT_TARGET = 10.11;
				MTL_ENABLE_DEBUG_INFO = YES;
				ONLY_ACTIVE_ARCH = YES;
				SDKROOT = macosx;
				SWIFT_ACTIVE_COMPILATION_CONDITIONS = DEBUG;
				SWIFT_OPTIMIZATION_LEVEL = "-O";
			};
			name = Debug;
		};
		845C8A0323DF2383008E78B8 /* Release */ = {
			isa = XCBuildConfiguration;
			buildSettings = {
				ALWAYS_SEARCH_USER_PATHS = NO;
				CLANG_ANALYZER_NONNULL = YES;
				CLANG_CXX_LANGUAGE_STANDARD = "gnu++0x";
				CLANG_CXX_LIBRARY = "libc++";
				CLANG_ENABLE_MODULES = YES;
				CLANG_ENABLE_OBJC_ARC = YES;
				CLANG_WARN_BOOL_CONVERSION = YES;
				CLANG_WARN_CONSTANT_CONVERSION = YES;
				CLANG_WARN_DIRECT_OBJC_ISA_USAGE = YES_ERROR;
				CLANG_WARN_DOCUMENTATION_COMMENTS = YES;
				CLANG_WARN_EMPTY_BODY = YES;
				CLANG_WARN_ENUM_CONVERSION = YES;
				CLANG_WARN_INFINITE_RECURSION = YES;
				CLANG_WARN_INT_CONVERSION = YES;
				CLANG_WARN_OBJC_ROOT_CLASS = YES_ERROR;
				CLANG_WARN_SUSPICIOUS_MOVES = YES;
				CLANG_WARN_UNREACHABLE_CODE = YES;
				CLANG_WARN__DUPLICATE_METHOD_MATCH = YES;
				CODE_SIGN_IDENTITY = "-";
				COPY_PHASE_STRIP = NO;
				DEBUG_INFORMATION_FORMAT = "dwarf-with-dsym";
				ENABLE_NS_ASSERTIONS = NO;
				ENABLE_STRICT_OBJC_MSGSEND = YES;
				GCC_C_LANGUAGE_STANDARD = gnu99;
				GCC_NO_COMMON_BLOCKS = YES;
				GCC_OPTIMIZATION_LEVEL = s;
				GCC_WARN_64_TO_32_BIT_CONVERSION = YES;
				GCC_WARN_ABOUT_RETURN_TYPE = YES_ERROR;
				GCC_WARN_UNDECLARED_SELECTOR = YES;
				GCC_WARN_UNINITIALIZED_AUTOS = YES_AGGRESSIVE;
				GCC_WARN_UNUSED_FUNCTION = YES;
				GCC_WARN_UNUSED_VARIABLE = YES;
				MACOSX_DEPLOYMENT_TARGET = 10.11;
				MTL_ENABLE_DEBUG_INFO = NO;
				SDKROOT = macosx;
				SWIFT_OPTIMIZATION_LEVEL = "-Owholemodule";
			};
			name = Release;
		};
		845C8A0523DF2383008E78B8 /* Debug */ = {
			isa = XCBuildConfiguration;
			buildSettings = {
				ASSETCATALOG_COMPILER_APPICON_NAME = AppIcon;
				CLANG_ENABLE_MODULES = YES;
				COMBINE_HIDPI_IMAGES = YES;
				CURRENT_PROJECT_VERSION = 11;
				DEVELOPMENT_TEAM = N6M3GGC92B;
				GCC_VERSION = "";
				INFOPLIST_FILE = "brstm-player-gui/Info.plist";
				LD_RUNPATH_SEARCH_PATHS = "$(inherited) @executable_path/../Frameworks";
				LIBRARY_SEARCH_PATHS = (
					"$(inherited)",
					"$(PROJECT_DIR)/brstm-player-gui",
				);
				MACOSX_DEPLOYMENT_TARGET = 10.10;
				PRODUCT_BUNDLE_IDENTIFIER = "space.freeappsw.brstm-player-gui";
				PRODUCT_NAME = "$(TARGET_NAME)";
				SWIFT_OBJC_BRIDGING_HEADER = "brstm-player-gui/brstm-player-gui-Bridging-Header.hpp";
				SWIFT_OPTIMIZATION_LEVEL = "-Onone";
				SWIFT_VERSION = 4.2;
			};
			name = Debug;
		};
		845C8A0623DF2383008E78B8 /* Release */ = {
			isa = XCBuildConfiguration;
			buildSettings = {
				ASSETCATALOG_COMPILER_APPICON_NAME = AppIcon;
				CLANG_ENABLE_MODULES = YES;
				COMBINE_HIDPI_IMAGES = YES;
				CURRENT_PROJECT_VERSION = 11;
				DEVELOPMENT_TEAM = N6M3GGC92B;
				GCC_VERSION = "";
				INFOPLIST_FILE = "brstm-player-gui/Info.plist";
				LD_RUNPATH_SEARCH_PATHS = "$(inherited) @executable_path/../Frameworks";
				LIBRARY_SEARCH_PATHS = (
					"$(inherited)",
					"$(PROJECT_DIR)/brstm-player-gui",
				);
				MACOSX_DEPLOYMENT_TARGET = 10.10;
				PRODUCT_BUNDLE_IDENTIFIER = "space.freeappsw.brstm-player-gui";
				PRODUCT_NAME = "$(TARGET_NAME)";
				SWIFT_OBJC_BRIDGING_HEADER = "brstm-player-gui/brstm-player-gui-Bridging-Header.hpp";
				SWIFT_VERSION = 3.0;
			};
			name = Release;
		};
/* End XCBuildConfiguration section */

/* Begin XCConfigurationList section */
		845C89F023DF2383008E78B8 /* Build configuration list for PBXProject "brstm-player-gui" */ = {
			isa = XCConfigurationList;
			buildConfigurations = (
				845C8A0223DF2383008E78B8 /* Debug */,
				845C8A0323DF2383008E78B8 /* Release */,
			);
			defaultConfigurationIsVisible = 0;
			defaultConfigurationName = Release;
		};
		845C8A0423DF2383008E78B8 /* Build configuration list for PBXNativeTarget "brstm-player-gui" */ = {
			isa = XCConfigurationList;
			buildConfigurations = (
				845C8A0523DF2383008E78B8 /* Debug */,
				845C8A0623DF2383008E78B8 /* Release */,
			);
			defaultConfigurationIsVisible = 0;
			defaultConfigurationName = Release;
		};
/* End XCConfigurationList section */
	};
	rootObject = 845C89ED23DF2383008E78B8 /* Project object */;
}
